uuid: 979d2cd6-0e42-4ff7-aa67-fd2e8462d69a
langcode: en
status: true
dependencies:
  config:
    - block_content.type.simple_text_block
  module:
    - content_translation
third_party_settings:
  content_translation:
    enabled: true
    bundle_settings:
      untranslatable_fields_hide: '0'
id: block_content.simple_text_block
target_entity_type_id: block_content
target_bundle: simple_text_block
default_langcode: site_default
language_alterable: true
